
Microsoft Visual Studio Solution File, Format Version 12.00
# Visual Studio Version 16
VisualStudioVersion = 16.0.28803.156
MinimumVisualStudioVersion = 10.0.40219.1
Project("{FAE04EC0-301F-11D3-BF4B-00C04F79EFBC}") = "TraiteursCamille", "TraiteursCamille\TraiteursCamille.csproj", "{351A9318-5DA2-48D5-8CE8-6B0A97E9C92E}"
EndProject
Global
	GlobalSection(SolutionConfigurationPlatforms) = preSolution
		Debug|Any CPU = Debug|Any CPU
		Release|Any CPU = Release|Any CPU
	EndGlobalSection
	GlobalSection(ProjectConfigurationPlatforms) = postSolution
		{351A9318-5DA2-48D5-8CE8-6B0A97E9C92E}.Debug|Any CPU.ActiveCfg = Debug|Any CPU
		{351A9318-5DA2-48D5-8CE8-6B0A97E9C92E}.Debug|Any CPU.Build.0 = Debug|Any CPU
		{351A9318-5DA2-48D5-8CE8-6B0A97E9C92E}.Release|Any CPU.ActiveCfg = Release|Any CPU
		{351A9318-5DA2-48D5-8CE8-6B0A97E9C92E}.Release|Any CPU.Build.0 = Release|Any CPU
	EndGlobalSection
	GlobalSection(SolutionProperties) = preSolution
		HideSolutionNode = FALSE
	EndGlobalSection
	GlobalSection(ExtensibilityGlobals) = postSolution
		SolutionGuid = {4A9EB2EF-5FFB-439D-AEAA-990251F6D99F}
	EndGlobalSection
EndGlobal
