
Microsoft Visual Studio Solution File, Format Version 12.00
# Visual Studio 15
VisualStudioVersion = 15.0.28307.136
MinimumVisualStudioVersion = 10.0.40219.1
Project("{FAE04EC0-301F-11D3-BF4B-00C04F79EFBC}") = "Universal.Scrapper", "Universal.Scrapper\Universal.Scrapper.csproj", "{77DC7E6D-E28E-4831-92CB-1B29428BE436}"
EndProject
Global
	GlobalSection(SolutionConfigurationPlatforms) = preSolution
		Debug|Any CPU = Debug|Any CPU
		Release|Any CPU = Release|Any CPU
	EndGlobalSection
	GlobalSection(ProjectConfigurationPlatforms) = postSolution
		{77DC7E6D-E28E-4831-92CB-1B29428BE436}.Debug|Any CPU.ActiveCfg = Debug|Any CPU
		{77DC7E6D-E28E-4831-92CB-1B29428BE436}.Debug|Any CPU.Build.0 = Debug|Any CPU
		{77DC7E6D-E28E-4831-92CB-1B29428BE436}.Release|Any CPU.ActiveCfg = Release|Any CPU
		{77DC7E6D-E28E-4831-92CB-1B29428BE436}.Release|Any CPU.Build.0 = Release|Any CPU
	EndGlobalSection
	GlobalSection(SolutionProperties) = preSolution
		HideSolutionNode = FALSE
	EndGlobalSection
	GlobalSection(ExtensibilityGlobals) = postSolution
		SolutionGuid = {2C28F3EF-91FD-4484-9896-CD6A5352FD93}
	EndGlobalSection
EndGlobal
