
Microsoft Visual Studio Solution File, Format Version 12.00
# Visual Studio Version 16
VisualStudioVersion = 16.0.30002.166
MinimumVisualStudioVersion = 10.0.40219.1
Project("{FAE04EC0-301F-11D3-BF4B-00C04F79EFBC}") = "GameValueNow", "GameValueNow\GameValueNow.csproj", "{60DB174D-FE9A-4F8E-B08F-F47131A950D8}"
EndProject
Global
	GlobalSection(SolutionConfigurationPlatforms) = preSolution
		Debug|Any CPU = Debug|Any CPU
		Release|Any CPU = Release|Any CPU
	EndGlobalSection
	GlobalSection(ProjectConfigurationPlatforms) = postSolution
		{60DB174D-FE9A-4F8E-B08F-F47131A950D8}.Debug|Any CPU.ActiveCfg = Debug|Any CPU
		{60DB174D-FE9A-4F8E-B08F-F47131A950D8}.Debug|Any CPU.Build.0 = Debug|Any CPU
		{60DB174D-FE9A-4F8E-B08F-F47131A950D8}.Release|Any CPU.ActiveCfg = Release|Any CPU
		{60DB174D-FE9A-4F8E-B08F-F47131A950D8}.Release|Any CPU.Build.0 = Release|Any CPU
	EndGlobalSection
	GlobalSection(SolutionProperties) = preSolution
		HideSolutionNode = FALSE
	EndGlobalSection
	GlobalSection(ExtensibilityGlobals) = postSolution
		SolutionGuid = {41AB60EA-703D-4CD9-8557-0DA31766B9B0}
	EndGlobalSection
EndGlobal
