
Microsoft Visual Studio Solution File, Format Version 12.00
# Visual Studio Version 16
VisualStudioVersion = 16.0.30002.166
MinimumVisualStudioVersion = 10.0.40219.1
Project("{FAE04EC0-301F-11D3-BF4B-00C04F79EFBC}") = "Catawiki.Desktop", "Catawiki.Desktop\Catawiki.Desktop.csproj", "{894B42CF-738A-427E-B0F7-3676F262284B}"
EndProject
Project("{FAE04EC0-301F-11D3-BF4B-00C04F79EFBC}") = "Catawiki.Lib", "Catawiki.Lib\Catawiki.Lib.csproj", "{23CDEFCD-E5BA-4488-A59C-F8E490A8FE0E}"
EndProject
Project("{FAE04EC0-301F-11D3-BF4B-00C04F79EFBC}") = "Test", "Test\Test.csproj", "{5C44EF37-12DA-44E2-B70F-10079B904567}"
EndProject
Global
	GlobalSection(SolutionConfigurationPlatforms) = preSolution
		Debug|Any CPU = Debug|Any CPU
		Release|Any CPU = Release|Any CPU
	EndGlobalSection
	GlobalSection(ProjectConfigurationPlatforms) = postSolution
		{894B42CF-738A-427E-B0F7-3676F262284B}.Debug|Any CPU.ActiveCfg = Debug|Any CPU
		{894B42CF-738A-427E-B0F7-3676F262284B}.Debug|Any CPU.Build.0 = Debug|Any CPU
		{894B42CF-738A-427E-B0F7-3676F262284B}.Release|Any CPU.ActiveCfg = Release|Any CPU
		{894B42CF-738A-427E-B0F7-3676F262284B}.Release|Any CPU.Build.0 = Release|Any CPU
		{23CDEFCD-E5BA-4488-A59C-F8E490A8FE0E}.Debug|Any CPU.ActiveCfg = Debug|Any CPU
		{23CDEFCD-E5BA-4488-A59C-F8E490A8FE0E}.Debug|Any CPU.Build.0 = Debug|Any CPU
		{23CDEFCD-E5BA-4488-A59C-F8E490A8FE0E}.Release|Any CPU.ActiveCfg = Release|Any CPU
		{23CDEFCD-E5BA-4488-A59C-F8E490A8FE0E}.Release|Any CPU.Build.0 = Release|Any CPU
		{5C44EF37-12DA-44E2-B70F-10079B904567}.Debug|Any CPU.ActiveCfg = Debug|Any CPU
		{5C44EF37-12DA-44E2-B70F-10079B904567}.Debug|Any CPU.Build.0 = Debug|Any CPU
		{5C44EF37-12DA-44E2-B70F-10079B904567}.Release|Any CPU.ActiveCfg = Release|Any CPU
		{5C44EF37-12DA-44E2-B70F-10079B904567}.Release|Any CPU.Build.0 = Release|Any CPU
	EndGlobalSection
	GlobalSection(SolutionProperties) = preSolution
		HideSolutionNode = FALSE
	EndGlobalSection
	GlobalSection(ExtensibilityGlobals) = postSolution
		SolutionGuid = {83F1AD7A-39B5-404A-BCF9-AE0EB00F561A}
	EndGlobalSection
EndGlobal
