
Microsoft Visual Studio Solution File, Format Version 12.00
# Visual Studio 15
VisualStudioVersion = 15.0.28010.2019
MinimumVisualStudioVersion = 10.0.40219.1
Project("{FAE04EC0-301F-11D3-BF4B-00C04F79EFBC}") = "Heepsy", "Heepsy\Heepsy.csproj", "{1AF155D2-27B0-4673-B5D1-B3A60B2C6E65}"
EndProject
Global
	GlobalSection(SolutionConfigurationPlatforms) = preSolution
		Debug|Any CPU = Debug|Any CPU
		Release|Any CPU = Release|Any CPU
	EndGlobalSection
	GlobalSection(ProjectConfigurationPlatforms) = postSolution
		{1AF155D2-27B0-4673-B5D1-B3A60B2C6E65}.Debug|Any CPU.ActiveCfg = Debug|Any CPU
		{1AF155D2-27B0-4673-B5D1-B3A60B2C6E65}.Debug|Any CPU.Build.0 = Debug|Any CPU
		{1AF155D2-27B0-4673-B5D1-B3A60B2C6E65}.Release|Any CPU.ActiveCfg = Release|Any CPU
		{1AF155D2-27B0-4673-B5D1-B3A60B2C6E65}.Release|Any CPU.Build.0 = Release|Any CPU
	EndGlobalSection
	GlobalSection(SolutionProperties) = preSolution
		HideSolutionNode = FALSE
	EndGlobalSection
	GlobalSection(ExtensibilityGlobals) = postSolution
		SolutionGuid = {5096D29A-D57D-43D0-98E6-CE85164BFEA6}
	EndGlobalSection
EndGlobal
