
Microsoft Visual Studio Solution File, Format Version 12.00
# Visual Studio 15
VisualStudioVersion = 15.0.28010.2003
MinimumVisualStudioVersion = 10.0.40219.1
Project("{FAE04EC0-301F-11D3-BF4B-00C04F79EFBC}") = "Lexusofedmonton", "Lexusofedmonton\Lexusofedmonton.csproj", "{B61EB628-044B-4763-A53D-BFA72E1D5743}"
EndProject
Project("{FAE04EC0-301F-11D3-BF4B-00C04F79EFBC}") = "LSelenium", "LSelenium\LSelenium.csproj", "{E143F84F-1C01-4D15-9738-C531E9EC97E1}"
EndProject
Project("{FAE04EC0-301F-11D3-BF4B-00C04F79EFBC}") = "LOuther", "LOuther\LOuther.csproj", "{008EF966-A4FF-4A8A-A8C8-81F16BDE37DF}"
EndProject
Project("{FAE04EC0-301F-11D3-BF4B-00C04F79EFBC}") = "Rivercityhyundai", "Rivercityhyundai\Rivercityhyundai.csproj", "{72D47F0A-7488-4E56-99C5-E80195112D50}"
EndProject
Global
	GlobalSection(SolutionConfigurationPlatforms) = preSolution
		Debug|Any CPU = Debug|Any CPU
		Release|Any CPU = Release|Any CPU
	EndGlobalSection
	GlobalSection(ProjectConfigurationPlatforms) = postSolution
		{B61EB628-044B-4763-A53D-BFA72E1D5743}.Debug|Any CPU.ActiveCfg = Debug|Any CPU
		{B61EB628-044B-4763-A53D-BFA72E1D5743}.Debug|Any CPU.Build.0 = Debug|Any CPU
		{B61EB628-044B-4763-A53D-BFA72E1D5743}.Release|Any CPU.ActiveCfg = Release|Any CPU
		{B61EB628-044B-4763-A53D-BFA72E1D5743}.Release|Any CPU.Build.0 = Release|Any CPU
		{E143F84F-1C01-4D15-9738-C531E9EC97E1}.Debug|Any CPU.ActiveCfg = Debug|Any CPU
		{E143F84F-1C01-4D15-9738-C531E9EC97E1}.Debug|Any CPU.Build.0 = Debug|Any CPU
		{E143F84F-1C01-4D15-9738-C531E9EC97E1}.Release|Any CPU.ActiveCfg = Release|Any CPU
		{E143F84F-1C01-4D15-9738-C531E9EC97E1}.Release|Any CPU.Build.0 = Release|Any CPU
		{008EF966-A4FF-4A8A-A8C8-81F16BDE37DF}.Debug|Any CPU.ActiveCfg = Debug|Any CPU
		{008EF966-A4FF-4A8A-A8C8-81F16BDE37DF}.Debug|Any CPU.Build.0 = Debug|Any CPU
		{008EF966-A4FF-4A8A-A8C8-81F16BDE37DF}.Release|Any CPU.ActiveCfg = Release|Any CPU
		{008EF966-A4FF-4A8A-A8C8-81F16BDE37DF}.Release|Any CPU.Build.0 = Release|Any CPU
		{72D47F0A-7488-4E56-99C5-E80195112D50}.Debug|Any CPU.ActiveCfg = Debug|Any CPU
		{72D47F0A-7488-4E56-99C5-E80195112D50}.Debug|Any CPU.Build.0 = Debug|Any CPU
		{72D47F0A-7488-4E56-99C5-E80195112D50}.Release|Any CPU.ActiveCfg = Release|Any CPU
		{72D47F0A-7488-4E56-99C5-E80195112D50}.Release|Any CPU.Build.0 = Release|Any CPU
	EndGlobalSection
	GlobalSection(SolutionProperties) = preSolution
		HideSolutionNode = FALSE
	EndGlobalSection
	GlobalSection(ExtensibilityGlobals) = postSolution
		SolutionGuid = {DFEE5D43-BC3F-4AD7-8941-5A1BD9909170}
	EndGlobalSection
EndGlobal
