
Microsoft Visual Studio Solution File, Format Version 12.00
# Visual Studio 15
VisualStudioVersion = 15.0.28307.106
MinimumVisualStudioVersion = 10.0.40219.1
Project("{FAE04EC0-301F-11D3-BF4B-00C04F79EFBC}") = "Hecalumni", "Hecalumni\Hecalumni.csproj", "{65F62473-1E04-4AE1-8730-5C998F9A1CCF}"
EndProject
Global
	GlobalSection(SolutionConfigurationPlatforms) = preSolution
		Debug|Any CPU = Debug|Any CPU
		Release|Any CPU = Release|Any CPU
	EndGlobalSection
	GlobalSection(ProjectConfigurationPlatforms) = postSolution
		{65F62473-1E04-4AE1-8730-5C998F9A1CCF}.Debug|Any CPU.ActiveCfg = Debug|Any CPU
		{65F62473-1E04-4AE1-8730-5C998F9A1CCF}.Debug|Any CPU.Build.0 = Debug|Any CPU
		{65F62473-1E04-4AE1-8730-5C998F9A1CCF}.Release|Any CPU.ActiveCfg = Release|Any CPU
		{65F62473-1E04-4AE1-8730-5C998F9A1CCF}.Release|Any CPU.Build.0 = Release|Any CPU
	EndGlobalSection
	GlobalSection(SolutionProperties) = preSolution
		HideSolutionNode = FALSE
	EndGlobalSection
	GlobalSection(ExtensibilityGlobals) = postSolution
		SolutionGuid = {E328DF70-8C54-443A-88AB-ECEFFB95536D}
	EndGlobalSection
EndGlobal
