
Microsoft Visual Studio Solution File, Format Version 12.00
# Visual Studio 15
VisualStudioVersion = 15.0.27703.2042
MinimumVisualStudioVersion = 10.0.40219.1
Project("{FAE04EC0-301F-11D3-BF4B-00C04F79EFBC}") = "BookLot", "BookLot\BookLot.csproj", "{E2D53B8A-D518-43B6-9BCA-86DBC7BFDF07}"
EndProject
Global
	GlobalSection(SolutionConfigurationPlatforms) = preSolution
		Debug|Any CPU = Debug|Any CPU
		Release|Any CPU = Release|Any CPU
	EndGlobalSection
	GlobalSection(ProjectConfigurationPlatforms) = postSolution
		{E2D53B8A-D518-43B6-9BCA-86DBC7BFDF07}.Debug|Any CPU.ActiveCfg = Debug|Any CPU
		{E2D53B8A-D518-43B6-9BCA-86DBC7BFDF07}.Debug|Any CPU.Build.0 = Debug|Any CPU
		{E2D53B8A-D518-43B6-9BCA-86DBC7BFDF07}.Release|Any CPU.ActiveCfg = Release|Any CPU
		{E2D53B8A-D518-43B6-9BCA-86DBC7BFDF07}.Release|Any CPU.Build.0 = Release|Any CPU
	EndGlobalSection
	GlobalSection(SolutionProperties) = preSolution
		HideSolutionNode = FALSE
	EndGlobalSection
	GlobalSection(ExtensibilityGlobals) = postSolution
		SolutionGuid = {FA481B52-E312-4202-9FB0-EE697A5A3850}
	EndGlobalSection
EndGlobal
